
Microsoft Visual Studio Solution File, Format Version 11.00
# Visual Studio 2010
Project("{E24C65DC-7377-472B-9ABA-BC803B73C61A}") = "WebSite1_CSS", "..\WebSite1_CSS", "{BC5496D0-337C-4A1F-8735-0ED567951196}"
	ProjectSection(WebsiteProperties) = preProject
		TargetFrameworkMoniker = ".NETFramework,Version%3Dv4.0"
		Debug.AspNetCompiler.VirtualPath = "/WebSite1_CSS"
		Debug.AspNetCompiler.PhysicalPath = "..\WebSite1_CSS\"
		Debug.AspNetCompiler.TargetPath = "PrecompiledWeb\WebSite1_CSS\"
		Debug.AspNetCompiler.Updateable = "true"
		Debug.AspNetCompiler.ForceOverwrite = "true"
		Debug.AspNetCompiler.FixedNames = "false"
		Debug.AspNetCompiler.Debug = "True"
		Release.AspNetCompiler.VirtualPath = "/WebSite1_CSS"
		Release.AspNetCompiler.PhysicalPath = "..\WebSite1_CSS\"
		Release.AspNetCompiler.TargetPath = "PrecompiledWeb\WebSite1_CSS\"
		Release.AspNetCompiler.Updateable = "true"
		Release.AspNetCompiler.ForceOverwrite = "true"
		Release.AspNetCompiler.FixedNames = "false"
		Release.AspNetCompiler.Debug = "False"
		VWDPort = "11678"
		DefaultWebSiteLanguage = "Visual C#"
	EndProjectSection
EndProject
Global
	GlobalSection(SolutionConfigurationPlatforms) = preSolution
		Debug|Any CPU = Debug|Any CPU
	EndGlobalSection
	GlobalSection(ProjectConfigurationPlatforms) = postSolution
		{BC5496D0-337C-4A1F-8735-0ED567951196}.Debug|Any CPU.ActiveCfg = Debug|Any CPU
		{BC5496D0-337C-4A1F-8735-0ED567951196}.Debug|Any CPU.Build.0 = Debug|Any CPU
	EndGlobalSection
	GlobalSection(SolutionProperties) = preSolution
		HideSolutionNode = FALSE
	EndGlobalSection
EndGlobal
